
Microsoft Visual Studio Solution File, Format Version 12.00
# Visual Studio Version 17
VisualStudioVersion = 17.5.33627.172
MinimumVisualStudioVersion = 10.0.40219.1
Project("{FAE04EC0-301F-11D3-BF4B-00C04F79EFBC}") = "Prak1", "Prak1.csproj", "{179F50B1-7C73-4DD2-8EF0-35A9F28DE6CA}"
EndProject
Global
	GlobalSection(SolutionConfigurationPlatforms) = preSolution
		Debug|Any CPU = Debug|Any CPU
		Release|Any CPU = Release|Any CPU
	EndGlobalSection
	GlobalSection(ProjectConfigurationPlatforms) = postSolution
		{179F50B1-7C73-4DD2-8EF0-35A9F28DE6CA}.Debug|Any CPU.ActiveCfg = Debug|Any CPU
		{179F50B1-7C73-4DD2-8EF0-35A9F28DE6CA}.Debug|Any CPU.Build.0 = Debug|Any CPU
		{179F50B1-7C73-4DD2-8EF0-35A9F28DE6CA}.Release|Any CPU.ActiveCfg = Release|Any CPU
		{179F50B1-7C73-4DD2-8EF0-35A9F28DE6CA}.Release|Any CPU.Build.0 = Release|Any CPU
	EndGlobalSection
	GlobalSection(SolutionProperties) = preSolution
		HideSolutionNode = FALSE
	EndGlobalSection
	GlobalSection(ExtensibilityGlobals) = postSolution
		SolutionGuid = {FE8F977B-5F67-49A3-89E6-A53DFC68F218}
	EndGlobalSection
EndGlobal
